{
    "name": "xia-editor富文本编辑器",
    "version": "1.0.1",
    "lockfileVersion": 1,
    "requires": true,
    "dependencies": {
        "@vue/devtools-api": {
            "version": "6.5.0",
            "resolved": "https://registry.npmmirror.com/@vue/devtools-api/-/devtools-api-6.5.0.tgz",
            "integrity": "sha512-o9KfBeaBmCKl10usN4crU53fYtC1r7jJwdGKjPT24t348rHxgfpZ0xL3Xm/gLUYnc0oTp8LAmrxOeLyu6tbk2Q=="
        },
        "deepmerge": {
            "version": "4.3.0",
            "resolved": "https://registry.npmmirror.com/deepmerge/-/deepmerge-4.3.0.tgz",
            "integrity": "sha512-z2wJZXrmeHdvYJp/Ux55wIjqo81G5Bp4c+oELTW+7ar6SogWHajt5a9gO3s3IDaGSAXjDk0vlQKN3rms8ab3og=="
        },
        "js-md5": {
            "version": "0.7.3",
            "resolved": "https://registry.npmmirror.com/js-md5/-/js-md5-0.7.3.tgz",
            "integrity": "sha512-ZC41vPSTLKGwIRjqDh8DfXoCrdQIyBgspJVPXHBGu4nZlAEvG3nf+jO9avM9RmLiGakg7vz974ms99nEV0tmTQ=="
        },
        "shvl": {
            "version": "2.0.3",
            "resolved": "https://registry.npmmirror.com/shvl/-/shvl-2.0.3.tgz",
            "integrity": "sha512-V7C6S9Hlol6SzOJPnQ7qzOVEWUQImt3BNmmzh40wObhla3XOYMe4gGiYzLrJd5TFa+cI2f9LKIRJTTKZSTbWgw=="
        },
        "vuex-persistedstate": {
            "version": "4.1.0",
            "resolved": "https://registry.npmmirror.com/vuex-persistedstate/-/vuex-persistedstate-4.1.0.tgz",
            "integrity": "sha512-3SkEj4NqwM69ikJdFVw6gObeB0NHyspRYMYkR/EbhR0hbvAKyR5gksVhtAfY1UYuWUOCCA0QNGwv9pOwdj+XUQ==",
            "requires": {
                "deepmerge": "^4.2.2",
                "shvl": "^2.0.3"
            }
        }
    }
}
